<?xml version="1.0" encoding="utf-8"?>
<Project ToolsVersion="4.0" xmlns="http://schemas.microsoft.com/developer/msbuild/2003">
  <ItemGroup>
    <ClCompile Include="j1Window.cpp">
      <Filter>Desenvolupament  ========\Modules</Filter>
    </ClCompile>
    <ClCompile Include="j1Audio.cpp">
      <Filter>Desenvolupament  ========\Modules</Filter>
    </ClCompile>
    <ClCompile Include="j1App.cpp">
      <Filter>Desenvolupament  ========</Filter>
    </ClCompile>
    <ClCompile Include="j1Input.cpp">
      <Filter>Desenvolupament  ========\Modules</Filter>
    </ClCompile>
    <ClCompile Include="j1Main.cpp">
      <Filter>Desenvolupament  ========</Filter>
    </ClCompile>
    <ClCompile Include="j1Render.cpp">
      <Filter>Desenvolupament  ========\Modules</Filter>
    </ClCompile>
    <ClCompile Include="j1Textures.cpp">
      <Filter>Desenvolupament  ========\Modules</Filter>
    </ClCompile>
    <ClCompile Include="p2Log.cpp">
      <Filter>Programacio 2 ===========</Filter>
    </ClCompile>
    <ClCompile Include="j1Scene.cpp">
      <Filter>Desenvolupament  ========\Scenes</Filter>
    </ClCompile>
    <ClCompile Include="PugiXml\src\pugixml.cpp">
      <Filter>Desenvolupament  ========\Tools\PuguiXML</Filter>
    </ClCompile>
    <ClCompile Include="j1Map.cpp">
      <Filter>Desenvolupament  ========\Modules</Filter>
    </ClCompile>
    <ClCompile Include="j1EntityController.cpp">
      <Filter>Desenvolupament  ========\Modules</Filter>
    </ClCompile>
    <ClCompile Include="Entity.cpp">
      <Filter>Desenvolupament  ========\Entities</Filter>
    </ClCompile>
    <ClCompile Include="j1PerfTimer.cpp">
      <Filter>Desenvolupament  ========\Tools</Filter>
    </ClCompile>
    <ClCompile Include="j1Timer.cpp">
      <Filter>Desenvolupament  ========\Tools</Filter>
    </ClCompile>
    <ClCompile Include="Enemy.cpp">
      <Filter>Desenvolupament  ========\Entities</Filter>
    </ClCompile>
    <ClCompile Include="j1Pathfinding.cpp">
      <Filter>Desenvolupament  ========\Modules</Filter>
    </ClCompile>
    <ClCompile Include="j1IntroScene.cpp">
      <Filter>Desenvolupament  ========\Scenes</Filter>
    </ClCompile>
    <ClCompile Include="j1Gui.cpp">
      <Filter>Desenvolupament  ========\Modules</Filter>
    </ClCompile>
    <ClCompile Include="j1Fonts.cpp">
      <Filter>Desenvolupament  ========\Modules</Filter>
    </ClCompile>
    <ClCompile Include="Window.cpp">
      <Filter>Desenvolupament  ========\GUI</Filter>
    </ClCompile>
    <ClCompile Include="Image.cpp">
      <Filter>Desenvolupament  ========\GUI\Parents</Filter>
    </ClCompile>
    <ClCompile Include="Interactive.cpp">
      <Filter>Desenvolupament  ========\GUI\Parents</Filter>
    </ClCompile>
    <ClCompile Include="Label.cpp">
      <Filter>Desenvolupament  ========\GUI\Parents</Filter>
    </ClCompile>
    <ClCompile Include="UIElement.cpp">
      <Filter>Desenvolupament  ========\GUI\Parents</Filter>
    </ClCompile>
    <ClCompile Include="InheritedImage.cpp">
      <Filter>Desenvolupament  ========\GUI\SingleParent</Filter>
    </ClCompile>
    <ClCompile Include="InheritedInteractive.cpp">
      <Filter>Desenvolupament  ========\GUI\SingleParent</Filter>
    </ClCompile>
    <ClCompile Include="InheritedLabel.cpp">
      <Filter>Desenvolupament  ========\GUI\SingleParent</Filter>
    </ClCompile>
    <ClCompile Include="InteractiveImage.cpp">
      <Filter>Desenvolupament  ========\GUI\MultiParent</Filter>
    </ClCompile>
    <ClCompile Include="InteractiveLabel.cpp">
      <Filter>Desenvolupament  ========\GUI\MultiParent</Filter>
    </ClCompile>
    <ClCompile Include="InteractiveLabelledImage.cpp">
      <Filter>Desenvolupament  ========\GUI\MultiParent</Filter>
    </ClCompile>
    <ClCompile Include="LabelledImage.cpp">
      <Filter>Desenvolupament  ========\GUI\MultiParent</Filter>
    </ClCompile>
    <ClCompile Include="j1SceneSwitch.cpp">
      <Filter>Desenvolupament  ========\Modules</Filter>
    </ClCompile>
    <ClCompile Include="InputBox.cpp">
      <Filter>Desenvolupament  ========\GUI\MultiParent</Filter>
    </ClCompile>
    <ClCompile Include="Scrollbar.cpp">
      <Filter>Desenvolupament  ========\GUI\Custom</Filter>
    </ClCompile>
    <ClCompile Include="LifeBar.cpp">
      <Filter>Desenvolupament  ========\GUI\Custom</Filter>
    </ClCompile>
    <ClCompile Include="Ally.cpp">
      <Filter>Desenvolupament  ========\Entities</Filter>
    </ClCompile>
    <ClCompile Include="Building.cpp">
      <Filter>Desenvolupament  ========\Entities</Filter>
    </ClCompile>
    <ClCompile Include="Effects.cpp">
      <Filter>Desenvolupament  ========\Entities</Filter>
    </ClCompile>
    <ClCompile Include="Hero.cpp">
      <Filter>Desenvolupament  ========\Entities</Filter>
    </ClCompile>
    <ClCompile Include="Nature.cpp">
      <Filter>Desenvolupament  ========\Entities</Filter>
    </ClCompile>
    <ClCompile Include="Skills.cpp">
      <Filter>Desenvolupament  ========\Entities</Filter>
    </ClCompile>
    <ClCompile Include="Unit.cpp">
      <Filter>Desenvolupament  ========\Entities</Filter>
    </ClCompile>
    <ClCompile Include="Squad.cpp">
      <Filter>Desenvolupament  ========\Entities</Filter>
    </ClCompile>
    <ClCompile Include="Command.cpp">
      <Filter>Desenvolupament  ========\Entities</Filter>
    </ClCompile>
    <ClCompile Include="p2Animation.cpp">
      <Filter>Desenvolupament  ========\Tools</Filter>
    </ClCompile>
  </ItemGroup>
  <ItemGroup>
    <ClInclude Include="j1Window.h">
      <Filter>Desenvolupament  ========\Modules</Filter>
    </ClInclude>
    <ClInclude Include="j1Audio.h">
      <Filter>Desenvolupament  ========\Modules</Filter>
    </ClInclude>
    <ClInclude Include="j1App.h">
      <Filter>Desenvolupament  ========</Filter>
    </ClInclude>
    <ClInclude Include="j1Input.h">
      <Filter>Desenvolupament  ========\Modules</Filter>
    </ClInclude>
    <ClInclude Include="j1Module.h">
      <Filter>Desenvolupament  ========</Filter>
    </ClInclude>
    <ClInclude Include="j1Render.h">
      <Filter>Desenvolupament  ========\Modules</Filter>
    </ClInclude>
    <ClInclude Include="j1Textures.h">
      <Filter>Desenvolupament  ========\Modules</Filter>
    </ClInclude>
    <ClInclude Include="p2Defs.h">
      <Filter>Programacio 2 ===========</Filter>
    </ClInclude>
    <ClInclude Include="p2Log.h">
      <Filter>Programacio 2 ===========</Filter>
    </ClInclude>
    <ClInclude Include="p2Point.h">
      <Filter>Programacio 2 ===========</Filter>
    </ClInclude>
    <ClInclude Include="j1Scene.h">
      <Filter>Desenvolupament  ========\Scenes</Filter>
    </ClInclude>
    <ClInclude Include="PugiXml\src\pugiconfig.hpp">
      <Filter>Desenvolupament  ========\Tools\PuguiXML</Filter>
    </ClInclude>
    <ClInclude Include="PugiXml\src\pugixml.hpp">
      <Filter>Desenvolupament  ========\Tools\PuguiXML</Filter>
    </ClInclude>
    <ClInclude Include="j1Map.h">
      <Filter>Desenvolupament  ========\Modules</Filter>
    </ClInclude>
    <ClInclude Include="j1EntityController.h">
      <Filter>Desenvolupament  ========\Modules</Filter>
    </ClInclude>
    <ClInclude Include="Entity.h">
      <Filter>Desenvolupament  ========\Entities</Filter>
    </ClInclude>
    <ClInclude Include="j1PerfTimer.h">
      <Filter>Desenvolupament  ========\Tools</Filter>
    </ClInclude>
    <ClInclude Include="j1Timer.h">
      <Filter>Desenvolupament  ========\Tools</Filter>
    </ClInclude>
    <ClInclude Include="Enemy.h">
      <Filter>Desenvolupament  ========\Entities</Filter>
    </ClInclude>
    <ClInclude Include="j1Pathfinding.h">
      <Filter>Desenvolupament  ========\Modules</Filter>
    </ClInclude>
    <ClInclude Include="j1IntroScene.h">
      <Filter>Desenvolupament  ========\Scenes</Filter>
    </ClInclude>
    <ClInclude Include="j1Gui.h">
      <Filter>Desenvolupament  ========\Modules</Filter>
    </ClInclude>
    <ClInclude Include="j1Fonts.h">
      <Filter>Desenvolupament  ========\Modules</Filter>
    </ClInclude>
    <ClInclude Include="Window.h">
      <Filter>Desenvolupament  ========\GUI</Filter>
    </ClInclude>
    <ClInclude Include="Image.h">
      <Filter>Desenvolupament  ========\GUI\Parents</Filter>
    </ClInclude>
    <ClInclude Include="Interactive.h">
      <Filter>Desenvolupament  ========\GUI\Parents</Filter>
    </ClInclude>
    <ClInclude Include="Label.h">
      <Filter>Desenvolupament  ========\GUI\Parents</Filter>
    </ClInclude>
    <ClInclude Include="UIElement.h">
      <Filter>Desenvolupament  ========\GUI\Parents</Filter>
    </ClInclude>
    <ClInclude Include="InheritedImage.h">
      <Filter>Desenvolupament  ========\GUI\SingleParent</Filter>
    </ClInclude>
    <ClInclude Include="InheritedInteractive.h">
      <Filter>Desenvolupament  ========\GUI\SingleParent</Filter>
    </ClInclude>
    <ClInclude Include="InheritedLabel.h">
      <Filter>Desenvolupament  ========\GUI\SingleParent</Filter>
    </ClInclude>
    <ClInclude Include="InteractiveImage.h">
      <Filter>Desenvolupament  ========\GUI\MultiParent</Filter>
    </ClInclude>
    <ClInclude Include="InteractiveLabel.h">
      <Filter>Desenvolupament  ========\GUI\MultiParent</Filter>
    </ClInclude>
    <ClInclude Include="InteractiveLabelledImage.h">
      <Filter>Desenvolupament  ========\GUI\MultiParent</Filter>
    </ClInclude>
    <ClInclude Include="LabelledImage.h">
      <Filter>Desenvolupament  ========\GUI\MultiParent</Filter>
    </ClInclude>
    <ClInclude Include="j1SceneSwitch.h">
      <Filter>Desenvolupament  ========\Modules</Filter>
    </ClInclude>
    <ClInclude Include="InputBox.h">
      <Filter>Desenvolupament  ========\GUI\MultiParent</Filter>
    </ClInclude>
    <ClInclude Include="Scrollbar.h">
      <Filter>Desenvolupament  ========\GUI\Custom</Filter>
    </ClInclude>
    <ClInclude Include="LifeBar.h">
      <Filter>Desenvolupament  ========\GUI\Custom</Filter>
    </ClInclude>
    <ClInclude Include="Unit.h">
      <Filter>Desenvolupament  ========\Entities</Filter>
    </ClInclude>
    <ClInclude Include="Color.h">
      <Filter>Desenvolupament  ========\Tools</Filter>
    </ClInclude>
    <ClInclude Include="Nature.h">
      <Filter>Desenvolupament  ========\Entities</Filter>
    </ClInclude>
    <ClInclude Include="Building.h">
      <Filter>Desenvolupament  ========\Entities</Filter>
    </ClInclude>
    <ClInclude Include="Ally.h">
      <Filter>Desenvolupament  ========\Entities</Filter>
    </ClInclude>
    <ClInclude Include="Hero.h">
      <Filter>Desenvolupament  ========\Entities</Filter>
    </ClInclude>
    <ClInclude Include="Squad.h">
      <Filter>Desenvolupament  ========\Entities</Filter>
    </ClInclude>
    <ClInclude Include="Skills.h">
      <Filter>Desenvolupament  ========\Entities</Filter>
    </ClInclude>
    <ClInclude Include="Effects.h">
      <Filter>Desenvolupament  ========\Entities</Filter>
    </ClInclude>
    <ClInclude Include="Command.h">
      <Filter>Desenvolupament  ========\Entities</Filter>
    </ClInclude>
    <ClInclude Include="p2Animation.h">
      <Filter>Desenvolupament  ========\Tools</Filter>
    </ClInclude>
  </ItemGroup>
  <ItemGroup>
    <Filter Include="Programacio 2 ===========">
      <UniqueIdentifier>{a8bfab6a-5472-4969-943e-861a8b493f08}</UniqueIdentifier>
    </Filter>
    <Filter Include="Desenvolupament  ========">
      <UniqueIdentifier>{cb944693-b9d0-484c-bad2-02d5a7cdbec6}</UniqueIdentifier>
    </Filter>
    <Filter Include="Desenvolupament  ========\Tools">
      <UniqueIdentifier>{42c748be-4a37-49de-970f-5be811d06b38}</UniqueIdentifier>
    </Filter>
    <Filter Include="Desenvolupament  ========\Scenes">
      <UniqueIdentifier>{e07660eb-d36f-4cc9-af59-324d31c2f2f6}</UniqueIdentifier>
    </Filter>
    <Filter Include="Desenvolupament  ========\Modules">
      <UniqueIdentifier>{244722d1-90ce-423d-8e7a-556211865a32}</UniqueIdentifier>
    </Filter>
    <Filter Include="Desenvolupament  ========\Tools\PuguiXML">
      <UniqueIdentifier>{7cb78d67-17cc-45eb-af97-e2106becce7b}</UniqueIdentifier>
    </Filter>
    <Filter Include="Desenvolupament  ========\Files">
      <UniqueIdentifier>{ddaf4ad4-59f7-4824-92c2-0f1d99104b38}</UniqueIdentifier>
    </Filter>
    <Filter Include="Desenvolupament  ========\Entities">
      <UniqueIdentifier>{cb479061-eae6-44a1-acb6-29edb60003aa}</UniqueIdentifier>
    </Filter>
    <Filter Include="Desenvolupament  ========\GUI">
      <UniqueIdentifier>{35e96c29-4c6f-4b2e-819c-81d75beb2966}</UniqueIdentifier>
    </Filter>
    <Filter Include="Desenvolupament  ========\GUI\Parents">
      <UniqueIdentifier>{02b237b9-8e6c-4885-bbd8-d7bf0a0fc02f}</UniqueIdentifier>
    </Filter>
    <Filter Include="Desenvolupament  ========\GUI\SingleParent">
      <UniqueIdentifier>{c29a8fe1-fe6b-4902-b42a-2bb9a1e87b88}</UniqueIdentifier>
    </Filter>
    <Filter Include="Desenvolupament  ========\GUI\MultiParent">
      <UniqueIdentifier>{7d6c60b9-eb66-490f-8ce4-fa4b044d252d}</UniqueIdentifier>
    </Filter>
    <Filter Include="Desenvolupament  ========\GUI\Custom">
      <UniqueIdentifier>{ef778b01-d104-42d3-b5e1-8d1b709b3c80}</UniqueIdentifier>
    </Filter>
  </ItemGroup>
  <ItemGroup>
    <None Include="..\Game\save_file.tmx">
      <Filter>Desenvolupament  ========\Files</Filter>
    </None>
    <None Include="..\Game\maps\map1.tmx">
      <Filter>Desenvolupament  ========\Files</Filter>
    </None>
  </ItemGroup>
  <ItemGroup>
    <Xml Include="..\Game\config.xml">
      <Filter>Desenvolupament  ========\Files</Filter>
    </Xml>
    <Xml Include="..\Game\Gui_config.xml">
      <Filter>Desenvolupament  ========\Files</Filter>
    </Xml>
  </ItemGroup>
</Project>